
Microsoft Visual Studio Solution File, Format Version 12.00
# Visual Studio Version 17
VisualStudioVersion = 17.8.34525.116
MinimumVisualStudioVersion = 10.0.40219.1
Project("{FAE04EC0-301F-11D3-BF4B-00C04F79EFBC}") = "ClassLibraryModel", "..\ClassLibraryModel\ClassLibraryModel.csproj", "{EBEE0315-6554-4C80-8177-C3F6CD33D7CC}"
EndProject
Project("{FAE04EC0-301F-11D3-BF4B-00C04F79EFBC}") = "ClassLibraryDAL", "..\ClassLibraryDAL\ClassLibraryDAL.csproj", "{46CDA26C-822D-4E9A-9A85-B7F832424426}"
EndProject
Project("{FAE04EC0-301F-11D3-BF4B-00C04F79EFBC}") = "FrontEnd", "..\FrontEnd\FrontEnd.csproj", "{17F5DB97-D359-421A-A1BE-6FE5E40850EC}"
EndProject
Global
	GlobalSection(SolutionConfigurationPlatforms) = preSolution
		Debug|Any CPU = Debug|Any CPU
		Debug|x64 = Debug|x64
		Debug|x86 = Debug|x86
		Release|Any CPU = Release|Any CPU
		Release|x64 = Release|x64
		Release|x86 = Release|x86
	EndGlobalSection
	GlobalSection(ProjectConfigurationPlatforms) = postSolution
		{EBEE0315-6554-4C80-8177-C3F6CD33D7CC}.Debug|Any CPU.ActiveCfg = Debug|Any CPU
		{EBEE0315-6554-4C80-8177-C3F6CD33D7CC}.Debug|Any CPU.Build.0 = Debug|Any CPU
		{EBEE0315-6554-4C80-8177-C3F6CD33D7CC}.Debug|x64.ActiveCfg = Debug|Any CPU
		{EBEE0315-6554-4C80-8177-C3F6CD33D7CC}.Debug|x64.Build.0 = Debug|Any CPU
		{EBEE0315-6554-4C80-8177-C3F6CD33D7CC}.Debug|x86.ActiveCfg = Debug|Any CPU
		{EBEE0315-6554-4C80-8177-C3F6CD33D7CC}.Debug|x86.Build.0 = Debug|Any CPU
		{EBEE0315-6554-4C80-8177-C3F6CD33D7CC}.Release|Any CPU.ActiveCfg = Release|Any CPU
		{EBEE0315-6554-4C80-8177-C3F6CD33D7CC}.Release|Any CPU.Build.0 = Release|Any CPU
		{EBEE0315-6554-4C80-8177-C3F6CD33D7CC}.Release|x64.ActiveCfg = Release|Any CPU
		{EBEE0315-6554-4C80-8177-C3F6CD33D7CC}.Release|x64.Build.0 = Release|Any CPU
		{EBEE0315-6554-4C80-8177-C3F6CD33D7CC}.Release|x86.ActiveCfg = Release|Any CPU
		{EBEE0315-6554-4C80-8177-C3F6CD33D7CC}.Release|x86.Build.0 = Release|Any CPU
		{46CDA26C-822D-4E9A-9A85-B7F832424426}.Debug|Any CPU.ActiveCfg = Debug|Any CPU
		{46CDA26C-822D-4E9A-9A85-B7F832424426}.Debug|Any CPU.Build.0 = Debug|Any CPU
		{46CDA26C-822D-4E9A-9A85-B7F832424426}.Debug|x64.ActiveCfg = Debug|Any CPU
		{46CDA26C-822D-4E9A-9A85-B7F832424426}.Debug|x64.Build.0 = Debug|Any CPU
		{46CDA26C-822D-4E9A-9A85-B7F832424426}.Debug|x86.ActiveCfg = Debug|Any CPU
		{46CDA26C-822D-4E9A-9A85-B7F832424426}.Debug|x86.Build.0 = Debug|Any CPU
		{46CDA26C-822D-4E9A-9A85-B7F832424426}.Release|Any CPU.ActiveCfg = Release|Any CPU
		{46CDA26C-822D-4E9A-9A85-B7F832424426}.Release|Any CPU.Build.0 = Release|Any CPU
		{46CDA26C-822D-4E9A-9A85-B7F832424426}.Release|x64.ActiveCfg = Release|Any CPU
		{46CDA26C-822D-4E9A-9A85-B7F832424426}.Release|x64.Build.0 = Release|Any CPU
		{46CDA26C-822D-4E9A-9A85-B7F832424426}.Release|x86.ActiveCfg = Release|Any CPU
		{46CDA26C-822D-4E9A-9A85-B7F832424426}.Release|x86.Build.0 = Release|Any CPU
		{17F5DB97-D359-421A-A1BE-6FE5E40850EC}.Debug|Any CPU.ActiveCfg = Debug|Any CPU
		{17F5DB97-D359-421A-A1BE-6FE5E40850EC}.Debug|Any CPU.Build.0 = Debug|Any CPU
		{17F5DB97-D359-421A-A1BE-6FE5E40850EC}.Debug|x64.ActiveCfg = Debug|Any CPU
		{17F5DB97-D359-421A-A1BE-6FE5E40850EC}.Debug|x64.Build.0 = Debug|Any CPU
		{17F5DB97-D359-421A-A1BE-6FE5E40850EC}.Debug|x86.ActiveCfg = Debug|Any CPU
		{17F5DB97-D359-421A-A1BE-6FE5E40850EC}.Debug|x86.Build.0 = Debug|Any CPU
		{17F5DB97-D359-421A-A1BE-6FE5E40850EC}.Release|Any CPU.ActiveCfg = Release|Any CPU
		{17F5DB97-D359-421A-A1BE-6FE5E40850EC}.Release|Any CPU.Build.0 = Release|Any CPU
		{17F5DB97-D359-421A-A1BE-6FE5E40850EC}.Release|x64.ActiveCfg = Release|Any CPU
		{17F5DB97-D359-421A-A1BE-6FE5E40850EC}.Release|x64.Build.0 = Release|Any CPU
		{17F5DB97-D359-421A-A1BE-6FE5E40850EC}.Release|x86.ActiveCfg = Release|Any CPU
		{17F5DB97-D359-421A-A1BE-6FE5E40850EC}.Release|x86.Build.0 = Release|Any CPU
	EndGlobalSection
	GlobalSection(SolutionProperties) = preSolution
		HideSolutionNode = FALSE
	EndGlobalSection
	GlobalSection(ExtensibilityGlobals) = postSolution
		SolutionGuid = {3DDB14A5-6D46-42E9-80C8-7A1267573574}
	EndGlobalSection
EndGlobal
